
Microsoft Visual Studio Solution File, Format Version 12.00
# Visual Studio Version 17
VisualStudioVersion = 17.2.32526.322
MinimumVisualStudioVersion = 10.0.40219.1
Project("{9A19103F-16F7-4668-BE54-9A1E7A4F7556}") = "AppointmentAPI", "AppointmentAPI\AppointmentAPI.csproj", "{B556E4C8-8D93-4077-8060-FA5B71208806}"
EndProject
Project("{9A19103F-16F7-4668-BE54-9A1E7A4F7556}") = "FeedAPI", "FeedAPI\FeedAPI.csproj", "{B075DF9F-72C7-4632-825A-B9DC196579E6}"
EndProject
Project("{9A19103F-16F7-4668-BE54-9A1E7A4F7556}") = "MyLibrary", "MyLibrary\MyLibrary.csproj", "{7EFB5BB6-55E9-4A7F-83FA-D515FCAC0002}"
EndProject
Project("{9A19103F-16F7-4668-BE54-9A1E7A4F7556}") = "AutoMapperLibrary", "AutoMapperLibrary\AutoMapperLibrary.csproj", "{981D1548-617B-4880-8D75-CA099AA6AF3F}"
EndProject
Project("{FAE04EC0-301F-11D3-BF4B-00C04F79EFBC}") = "DataContext", "ClassLibrary1\DataContext.csproj", "{7FAA0F2D-5D26-4421-AC53-EC0C46FF5348}"
EndProject
Global
	GlobalSection(SolutionConfigurationPlatforms) = preSolution
		Debug|Any CPU = Debug|Any CPU
		Release|Any CPU = Release|Any CPU
	EndGlobalSection
	GlobalSection(ProjectConfigurationPlatforms) = postSolution
		{B556E4C8-8D93-4077-8060-FA5B71208806}.Debug|Any CPU.ActiveCfg = Debug|Any CPU
		{B556E4C8-8D93-4077-8060-FA5B71208806}.Debug|Any CPU.Build.0 = Debug|Any CPU
		{B556E4C8-8D93-4077-8060-FA5B71208806}.Release|Any CPU.ActiveCfg = Release|Any CPU
		{B556E4C8-8D93-4077-8060-FA5B71208806}.Release|Any CPU.Build.0 = Release|Any CPU
		{B075DF9F-72C7-4632-825A-B9DC196579E6}.Debug|Any CPU.ActiveCfg = Debug|Any CPU
		{B075DF9F-72C7-4632-825A-B9DC196579E6}.Debug|Any CPU.Build.0 = Debug|Any CPU
		{B075DF9F-72C7-4632-825A-B9DC196579E6}.Release|Any CPU.ActiveCfg = Release|Any CPU
		{B075DF9F-72C7-4632-825A-B9DC196579E6}.Release|Any CPU.Build.0 = Release|Any CPU
		{7EFB5BB6-55E9-4A7F-83FA-D515FCAC0002}.Debug|Any CPU.ActiveCfg = Debug|Any CPU
		{7EFB5BB6-55E9-4A7F-83FA-D515FCAC0002}.Debug|Any CPU.Build.0 = Debug|Any CPU
		{7EFB5BB6-55E9-4A7F-83FA-D515FCAC0002}.Release|Any CPU.ActiveCfg = Release|Any CPU
		{7EFB5BB6-55E9-4A7F-83FA-D515FCAC0002}.Release|Any CPU.Build.0 = Release|Any CPU
		{981D1548-617B-4880-8D75-CA099AA6AF3F}.Debug|Any CPU.ActiveCfg = Debug|Any CPU
		{981D1548-617B-4880-8D75-CA099AA6AF3F}.Debug|Any CPU.Build.0 = Debug|Any CPU
		{981D1548-617B-4880-8D75-CA099AA6AF3F}.Release|Any CPU.ActiveCfg = Release|Any CPU
		{981D1548-617B-4880-8D75-CA099AA6AF3F}.Release|Any CPU.Build.0 = Release|Any CPU
		{7FAA0F2D-5D26-4421-AC53-EC0C46FF5348}.Debug|Any CPU.ActiveCfg = Debug|Any CPU
		{7FAA0F2D-5D26-4421-AC53-EC0C46FF5348}.Debug|Any CPU.Build.0 = Debug|Any CPU
		{7FAA0F2D-5D26-4421-AC53-EC0C46FF5348}.Release|Any CPU.ActiveCfg = Release|Any CPU
		{7FAA0F2D-5D26-4421-AC53-EC0C46FF5348}.Release|Any CPU.Build.0 = Release|Any CPU
	EndGlobalSection
	GlobalSection(SolutionProperties) = preSolution
		HideSolutionNode = FALSE
	EndGlobalSection
	GlobalSection(ExtensibilityGlobals) = postSolution
		SolutionGuid = {F76957D3-09A7-4EDB-AFAF-88A4707BA7C2}
	EndGlobalSection
EndGlobal
